
Microsoft Visual Studio Solution File, Format Version 12.00
Project("{FAE04EC0-301F-11D3-BF4B-00C04F79EFBC}") = "LrnGit", "LrnGit\LrnGit.csproj", "{FD8BA5E5-87D1-401A-99B1-2A6F275F2C21}"
EndProject
Global
	GlobalSection(SolutionConfigurationPlatforms) = preSolution
		Debug|Any CPU = Debug|Any CPU
		Release|Any CPU = Release|Any CPU
	EndGlobalSection
	GlobalSection(ProjectConfigurationPlatforms) = postSolution
		{FD8BA5E5-87D1-401A-99B1-2A6F275F2C21}.Debug|Any CPU.ActiveCfg = Debug|Any CPU
		{FD8BA5E5-87D1-401A-99B1-2A6F275F2C21}.Debug|Any CPU.Build.0 = Debug|Any CPU
		{FD8BA5E5-87D1-401A-99B1-2A6F275F2C21}.Release|Any CPU.ActiveCfg = Release|Any CPU
		{FD8BA5E5-87D1-401A-99B1-2A6F275F2C21}.Release|Any CPU.Build.0 = Release|Any CPU
	EndGlobalSection
EndGlobal
